
Microsoft Visual Studio Solution File, Format Version 12.00
# Visual Studio Version 17
VisualStudioVersion = 17.14.36804.6 d17.14
MinimumVisualStudioVersion = 10.0.40219.1
Project("{8BC9CEB8-8B4A-11D0-8D11-00A0C91BC942}") = "13.模板初阶", "13.模板初阶.vcxproj", "{9BA94AE9-03D5-445E-8907-2D5C7E8FEC9D}"
EndProject
Global
	GlobalSection(SolutionConfigurationPlatforms) = preSolution
		Debug|x64 = Debug|x64
		Debug|x86 = Debug|x86
		Release|x64 = Release|x64
		Release|x86 = Release|x86
	EndGlobalSection
	GlobalSection(ProjectConfigurationPlatforms) = postSolution
		{9BA94AE9-03D5-445E-8907-2D5C7E8FEC9D}.Debug|x64.ActiveCfg = Debug|x64
		{9BA94AE9-03D5-445E-8907-2D5C7E8FEC9D}.Debug|x64.Build.0 = Debug|x64
		{9BA94AE9-03D5-445E-8907-2D5C7E8FEC9D}.Debug|x86.ActiveCfg = Debug|Win32
		{9BA94AE9-03D5-445E-8907-2D5C7E8FEC9D}.Debug|x86.Build.0 = Debug|Win32
		{9BA94AE9-03D5-445E-8907-2D5C7E8FEC9D}.Release|x64.ActiveCfg = Release|x64
		{9BA94AE9-03D5-445E-8907-2D5C7E8FEC9D}.Release|x64.Build.0 = Release|x64
		{9BA94AE9-03D5-445E-8907-2D5C7E8FEC9D}.Release|x86.ActiveCfg = Release|Win32
		{9BA94AE9-03D5-445E-8907-2D5C7E8FEC9D}.Release|x86.Build.0 = Release|Win32
	EndGlobalSection
	GlobalSection(SolutionProperties) = preSolution
		HideSolutionNode = FALSE
	EndGlobalSection
	GlobalSection(ExtensibilityGlobals) = postSolution
		SolutionGuid = {3F15BE03-EE5E-441B-8385-74C3E313ACD2}
	EndGlobalSection
EndGlobal
